// !$*UTF8*$!
{
	archiveVersion = 1;
	classes = {
	};
	objectVersion = 46;
	objects = {

/* Begin PBXBuildFile section */
		7D4093991C41EEC600E37565 /* AppDelegate.swift in Sources */ = {isa = PBXBuildFile; fileRef = 7D4093981C41EEC600E37565 /* AppDelegate.swift */; };
		7D4093A01C41EEC600E37565 /* Main.storyboard in Resources */ = {isa = PBXBuildFile; fileRef = 7D40939E1C41EEC600E37565 /* Main.storyboard */; };
		7D4093A21C41EEC600E37565 /* Assets.xcassets in Resources */ = {isa = PBXBuildFile; fileRef = 7D4093A11C41EEC600E37565 /* Assets.xcassets */; };
		7D4093A51C41EEC600E37565 /* LaunchScreen.storyboard in Resources */ = {isa = PBXBuildFile; fileRef = 7D4093A31C41EEC600E37565 /* LaunchScreen.storyboard */; };
		7D4093B01C41EEC600E37565 /* ItsGeekTaMeTests.swift in Sources */ = {isa = PBXBuildFile; fileRef = 7D4093AF1C41EEC600E37565 /* ItsGeekTaMeTests.swift */; };
		7D4093BB1C41EEC600E37565 /* ItsGeekTaMeUITests.swift in Sources */ = {isa = PBXBuildFile; fileRef = 7D4093BA1C41EEC600E37565 /* ItsGeekTaMeUITests.swift */; };
		7D4093C91C41F36C00E37565 /* ServicesTableViewController.swift in Sources */ = {isa = PBXBuildFile; fileRef = 7D4093C81C41F36C00E37565 /* ServicesTableViewController.swift */; };
		7D4093CB1C41FA0C00E37565 /* ServiceDetailViewController.swift in Sources */ = {isa = PBXBuildFile; fileRef = 7D4093CA1C41FA0C00E37565 /* ServiceDetailViewController.swift */; };
		7D5D45B81C4D6381009357DA /* Colors.swift in Sources */ = {isa = PBXBuildFile; fileRef = 7D5D45B71C4D6381009357DA /* Colors.swift */; };
		7D5D45BC1C4D72D8009357DA /* AboutViewController.swift in Sources */ = {isa = PBXBuildFile; fileRef = 7D5D45BB1C4D72D8009357DA /* AboutViewController.swift */; };
		7D6F1C251C4F49A100A0A230 /* ServiceTableViewCell.swift in Sources */ = {isa = PBXBuildFile; fileRef = 7D6F1C241C4F49A100A0A230 /* ServiceTableViewCell.swift */; };
/* End PBXBuildFile section */

/* Begin PBXContainerItemProxy section */
		7D4093AC1C41EEC600E37565 /* PBXContainerItemProxy */ = {
			isa = PBXContainerItemProxy;
			containerPortal = 7D40938D1C41EEC600E37565 /* Project object */;
			proxyType = 1;
			remoteGlobalIDString = 7D4093941C41EEC600E37565;
			remoteInfo = ItsGeekTaMe;
		};
		7D4093B71C41EEC600E37565 /* PBXContainerItemProxy */ = {
			isa = PBXContainerItemProxy;
			containerPortal = 7D40938D1C41EEC600E37565 /* Project object */;
			proxyType = 1;
			remoteGlobalIDString = 7D4093941C41EEC600E37565;
			remoteInfo = ItsGeekTaMe;
		};
/* End PBXContainerItemProxy section */

/* Begin PBXFileReference section */
		7D4093951C41EEC600E37565 /* ItsGeekTaMe.app */ = {isa = PBXFileReference; explicitFileType = wrapper.application; includeInIndex = 0; path = ItsGeekTaMe.app; sourceTree = BUILT_PRODUCTS_DIR; };
		7D4093981C41EEC600E37565 /* AppDelegate.swift */ = {isa = PBXFileReference; lastKnownFileType = sourcecode.swift; path = AppDelegate.swift; sourceTree = "<group>"; };
		7D40939F1C41EEC600E37565 /* Base */ = {isa = PBXFileReference; lastKnownFileType = file.storyboard; name = Base; path = Base.lproj/Main.storyboard; sourceTree = "<group>"; };
		7D4093A11C41EEC600E37565 /* Assets.xcassets */ = {isa = PBXFileReference; lastKnownFileType = folder.assetcatalog; path = Assets.xcassets; sourceTree = "<group>"; };
		7D4093A41C41EEC600E37565 /* Base */ = {isa = PBXFileReference; lastKnownFileType = file.storyboard; name = Base; path = Base.lproj/LaunchScreen.storyboard; sourceTree = "<group>"; };
		7D4093A61C41EEC600E37565 /* Info.plist */ = {isa = PBXFileReference; lastKnownFileType = text.plist.xml; path = Info.plist; sourceTree = "<group>"; };
		7D4093AB1C41EEC600E37565 /* ItsGeekTaMeTests.xctest */ = {isa = PBXFileReference; explicitFileType = wrapper.cfbundle; includeInIndex = 0; path = ItsGeekTaMeTests.xctest; sourceTree = BUILT_PRODUCTS_DIR; };
		7D4093AF1C41EEC600E37565 /* ItsGeekTaMeTests.swift */ = {isa = PBXFileReference; lastKnownFileType = sourcecode.swift; path = ItsGeekTaMeTests.swift; sourceTree = "<group>"; };
		7D4093B11C41EEC600E37565 /* Info.plist */ = {isa = PBXFileReference; lastKnownFileType = text.plist.xml; path = Info.plist; sourceTree = "<group>"; };
		7D4093B61C41EEC600E37565 /* ItsGeekTaMeUITests.xctest */ = {isa = PBXFileReference; explicitFileType = wrapper.cfbundle; includeInIndex = 0; path = ItsGeekTaMeUITests.xctest; sourceTree = BUILT_PRODUCTS_DIR; };
		7D4093BA1C41EEC600E37565 /* ItsGeekTaMeUITests.swift */ = {isa = PBXFileReference; lastKnownFileType = sourcecode.swift; path = ItsGeekTaMeUITests.swift; sourceTree = "<group>"; };
		7D4093BC1C41EEC600E37565 /* Info.plist */ = {isa = PBXFileReference; lastKnownFileType = text.plist.xml; path = Info.plist; sourceTree = "<group>"; };
		7D4093C81C41F36C00E37565 /* ServicesTableViewController.swift */ = {isa = PBXFileReference; fileEncoding = 4; lastKnownFileType = sourcecode.swift; path = ServicesTableViewController.swift; sourceTree = "<group>"; };
		7D4093CA1C41FA0C00E37565 /* ServiceDetailViewController.swift */ = {isa = PBXFileReference; fileEncoding = 4; lastKnownFileType = sourcecode.swift; path = ServiceDetailViewController.swift; sourceTree = "<group>"; };
		7D5D45B71C4D6381009357DA /* Colors.swift */ = {isa = PBXFileReference; fileEncoding = 4; lastKnownFileType = sourcecode.swift; path = Colors.swift; sourceTree = "<group>"; };
		7D5D45BB1C4D72D8009357DA /* AboutViewController.swift */ = {isa = PBXFileReference; fileEncoding = 4; lastKnownFileType = sourcecode.swift; path = AboutViewController.swift; sourceTree = "<group>"; };
		7D6F1C241C4F49A100A0A230 /* ServiceTableViewCell.swift */ = {isa = PBXFileReference; fileEncoding = 4; lastKnownFileType = sourcecode.swift; path = ServiceTableViewCell.swift; sourceTree = "<group>"; };
/* End PBXFileReference section */

/* Begin PBXFrameworksBuildPhase section */
		7D4093921C41EEC600E37565 /* Frameworks */ = {
			isa = PBXFrameworksBuildPhase;
			buildActionMask = 2147483647;
			files = (
			);
			runOnlyForDeploymentPostprocessing = 0;
		};
		7D4093A81C41EEC600E37565 /* Frameworks */ = {
			isa = PBXFrameworksBuildPhase;
			buildActionMask = 2147483647;
			files = (
			);
			runOnlyForDeploymentPostprocessing = 0;
		};
		7D4093B31C41EEC600E37565 /* Frameworks */ = {
			isa = PBXFrameworksBuildPhase;
			buildActionMask = 2147483647;
			files = (
			);
			runOnlyForDeploymentPostprocessing = 0;
		};
/* End PBXFrameworksBuildPhase section */

/* Begin PBXGroup section */
		7D40938C1C41EEC600E37565 = {
			isa = PBXGroup;
			children = (
				7D4093971C41EEC600E37565 /* ItsGeekTaMe */,
				7D4093AE1C41EEC600E37565 /* ItsGeekTaMeTests */,
				7D4093B91C41EEC600E37565 /* ItsGeekTaMeUITests */,
				7D4093961C41EEC600E37565 /* Products */,
			);
			sourceTree = "<group>";
		};
		7D4093961C41EEC600E37565 /* Products */ = {
			isa = PBXGroup;
			children = (
				7D4093951C41EEC600E37565 /* ItsGeekTaMe.app */,
				7D4093AB1C41EEC600E37565 /* ItsGeekTaMeTests.xctest */,
				7D4093B61C41EEC600E37565 /* ItsGeekTaMeUITests.xctest */,
			);
			name = Products;
			sourceTree = "<group>";
		};
		7D4093971C41EEC600E37565 /* ItsGeekTaMe */ = {
			isa = PBXGroup;
			children = (
				7D6F1C231C4F497400A0A230 /* Cells */,
				7D4093981C41EEC600E37565 /* AppDelegate.swift */,
				7D5D45BD1C4D74FD009357DA /* ViewControllers */,
				7D40939E1C41EEC600E37565 /* Main.storyboard */,
				7D4093A11C41EEC600E37565 /* Assets.xcassets */,
				7D4093A31C41EEC600E37565 /* LaunchScreen.storyboard */,
				7D4093A61C41EEC600E37565 /* Info.plist */,
				7D5D45B71C4D6381009357DA /* Colors.swift */,
			);
			path = ItsGeekTaMe;
			sourceTree = "<group>";
		};
		7D4093AE1C41EEC600E37565 /* ItsGeekTaMeTests */ = {
			isa = PBXGroup;
			children = (
				7D4093AF1C41EEC600E37565 /* ItsGeekTaMeTests.swift */,
				7D4093B11C41EEC600E37565 /* Info.plist */,
			);
			path = ItsGeekTaMeTests;
			sourceTree = "<group>";
		};
		7D4093B91C41EEC600E37565 /* ItsGeekTaMeUITests */ = {
			isa = PBXGroup;
			children = (
				7D4093BA1C41EEC600E37565 /* ItsGeekTaMeUITests.swift */,
				7D4093BC1C41EEC600E37565 /* Info.plist */,
			);
			path = ItsGeekTaMeUITests;
			sourceTree = "<group>";
		};
		7D5D45BD1C4D74FD009357DA /* ViewControllers */ = {
			isa = PBXGroup;
			children = (
				7D4093C81C41F36C00E37565 /* ServicesTableViewController.swift */,
				7D4093CA1C41FA0C00E37565 /* ServiceDetailViewController.swift */,
				7D5D45BB1C4D72D8009357DA /* AboutViewController.swift */,
			);
			name = ViewControllers;
			sourceTree = "<group>";
		};
		7D6F1C231C4F497400A0A230 /* Cells */ = {
			isa = PBXGroup;
			children = (
				7D6F1C241C4F49A100A0A230 /* ServiceTableViewCell.swift */,
			);
			name = Cells;
			sourceTree = "<group>";
		};
/* End PBXGroup section */

/* Begin PBXNativeTarget section */
		7D4093941C41EEC600E37565 /* ItsGeekTaMe */ = {
			isa = PBXNativeTarget;
			buildConfigurationList = 7D4093BF1C41EEC600E37565 /* Build configuration list for PBXNativeTarget "ItsGeekTaMe" */;
			buildPhases = (
				7D4093911C41EEC600E37565 /* Sources */,
				7D4093921C41EEC600E37565 /* Frameworks */,
				7D4093931C41EEC600E37565 /* Resources */,
			);
			buildRules = (
			);
			dependencies = (
			);
			name = ItsGeekTaMe;
			productName = ItsGeekTaMe;
			productReference = 7D4093951C41EEC600E37565 /* ItsGeekTaMe.app */;
			productType = "com.apple.product-type.application";
		};
		7D4093AA1C41EEC600E37565 /* ItsGeekTaMeTests */ = {
			isa = PBXNativeTarget;
			buildConfigurationList = 7D4093C21C41EEC600E37565 /* Build configuration list for PBXNativeTarget "ItsGeekTaMeTests" */;
			buildPhases = (
				7D4093A71C41EEC600E37565 /* Sources */,
				7D4093A81C41EEC600E37565 /* Frameworks */,
				7D4093A91C41EEC600E37565 /* Resources */,
			);
			buildRules = (
			);
			dependencies = (
				7D4093AD1C41EEC600E37565 /* PBXTargetDependency */,
			);
			name = ItsGeekTaMeTests;
			productName = ItsGeekTaMeTests;
			productReference = 7D4093AB1C41EEC600E37565 /* ItsGeekTaMeTests.xctest */;
			productType = "com.apple.product-type.bundle.unit-test";
		};
		7D4093B51C41EEC600E37565 /* ItsGeekTaMeUITests */ = {
			isa = PBXNativeTarget;
			buildConfigurationList = 7D4093C51C41EEC600E37565 /* Build configuration list for PBXNativeTarget "ItsGeekTaMeUITests" */;
			buildPhases = (
				7D4093B21C41EEC600E37565 /* Sources */,
				7D4093B31C41EEC600E37565 /* Frameworks */,
				7D4093B41C41EEC600E37565 /* Resources */,
			);
			buildRules = (
			);
			dependencies = (
				7D4093B81C41EEC600E37565 /* PBXTargetDependency */,
			);
			name = ItsGeekTaMeUITests;
			productName = ItsGeekTaMeUITests;
			productReference = 7D4093B61C41EEC600E37565 /* ItsGeekTaMeUITests.xctest */;
			productType = "com.apple.product-type.bundle.ui-testing";
		};
/* End PBXNativeTarget section */

/* Begin PBXProject section */
		7D40938D1C41EEC600E37565 /* Project object */ = {
			isa = PBXProject;
			attributes = {
				LastSwiftUpdateCheck = 0720;
				LastUpgradeCheck = 0720;
				ORGANIZATIONNAME = NinnyWorks;
				TargetAttributes = {
					7D4093941C41EEC600E37565 = {
						CreatedOnToolsVersion = 7.2;
					};
					7D4093AA1C41EEC600E37565 = {
						CreatedOnToolsVersion = 7.2;
						TestTargetID = 7D4093941C41EEC600E37565;
					};
					7D4093B51C41EEC600E37565 = {
						CreatedOnToolsVersion = 7.2;
						TestTargetID = 7D4093941C41EEC600E37565;
					};
				};
			};
			buildConfigurationList = 7D4093901C41EEC600E37565 /* Build configuration list for PBXProject "ItsGeekTaMe" */;
			compatibilityVersion = "Xcode 3.2";
			developmentRegion = English;
			hasScannedForEncodings = 0;
			knownRegions = (
				en,
				Base,
			);
			mainGroup = 7D40938C1C41EEC600E37565;
			productRefGroup = 7D4093961C41EEC600E37565 /* Products */;
			projectDirPath = "";
			projectRoot = "";
			targets = (
				7D4093941C41EEC600E37565 /* ItsGeekTaMe */,
				7D4093AA1C41EEC600E37565 /* ItsGeekTaMeTests */,
				7D4093B51C41EEC600E37565 /* ItsGeekTaMeUITests */,
			);
		};
/* End PBXProject section */

/* Begin PBXResourcesBuildPhase section */
		7D4093931C41EEC600E37565 /* Resources */ = {
			isa = PBXResourcesBuildPhase;
			buildActionMask = 2147483647;
			files = (
				7D4093A51C41EEC600E37565 /* LaunchScreen.storyboard in Resources */,
				7D4093A21C41EEC600E37565 /* Assets.xcassets in Resources */,
				7D4093A01C41EEC600E37565 /* Main.storyboard in Resources */,
			);
			runOnlyForDeploymentPostprocessing = 0;
		};
		7D4093A91C41EEC600E37565 /* Resources */ = {
			isa = PBXResourcesBuildPhase;
			buildActionMask = 2147483647;
			files = (
			);
			runOnlyForDeploymentPostprocessing = 0;
		};
		7D4093B41C41EEC600E37565 /* Resources */ = {
			isa = PBXResourcesBuildPhase;
			buildActionMask = 2147483647;
			files = (
			);
			runOnlyForDeploymentPostprocessing = 0;
		};
/* End PBXResourcesBuildPhase section */

/* Begin PBXSourcesBuildPhase section */
		7D4093911C41EEC600E37565 /* Sources */ = {
			isa = PBXSourcesBuildPhase;
			buildActionMask = 2147483647;
			files = (
				7D4093C91C41F36C00E37565 /* ServicesTableViewController.swift in Sources */,
				7D6F1C251C4F49A100A0A230 /* ServiceTableViewCell.swift in Sources */,
				7D5D45B81C4D6381009357DA /* Colors.swift in Sources */,
				7D4093991C41EEC600E37565 /* AppDelegate.swift in Sources */,
				7D5D45BC1C4D72D8009357DA /* AboutViewController.swift in Sources */,
				7D4093CB1C41FA0C00E37565 /* ServiceDetailViewController.swift in Sources */,
			);
			runOnlyForDeploymentPostprocessing = 0;
		};
		7D4093A71C41EEC600E37565 /* Sources */ = {
			isa = PBXSourcesBuildPhase;
			buildActionMask = 2147483647;
			files = (
				7D4093B01C41EEC600E37565 /* ItsGeekTaMeTests.swift in Sources */,
			);
			runOnlyForDeploymentPostprocessing = 0;
		};
		7D4093B21C41EEC600E37565 /* Sources */ = {
			isa = PBXSourcesBuildPhase;
			buildActionMask = 2147483647;
			files = (
				7D4093BB1C41EEC600E37565 /* ItsGeekTaMeUITests.swift in Sources */,
			);
			runOnlyForDeploymentPostprocessing = 0;
		};
/* End PBXSourcesBuildPhase section */

/* Begin PBXTargetDependency section */
		7D4093AD1C41EEC600E37565 /* PBXTargetDependency */ = {
			isa = PBXTargetDependency;
			target = 7D4093941C41EEC600E37565 /* ItsGeekTaMe */;
			targetProxy = 7D4093AC1C41EEC600E37565 /* PBXContainerItemProxy */;
		};
		7D4093B81C41EEC600E37565 /* PBXTargetDependency */ = {
			isa = PBXTargetDependency;
			target = 7D4093941C41EEC600E37565 /* ItsGeekTaMe */;
			targetProxy = 7D4093B71C41EEC600E37565 /* PBXContainerItemProxy */;
		};
/* End PBXTargetDependency section */

/* Begin PBXVariantGroup section */
		7D40939E1C41EEC600E37565 /* Main.storyboard */ = {
			isa = PBXVariantGroup;
			children = (
				7D40939F1C41EEC600E37565 /* Base */,
			);
			name = Main.storyboard;
			sourceTree = "<group>";
		};
		7D4093A31C41EEC600E37565 /* LaunchScreen.storyboard */ = {
			isa = PBXVariantGroup;
			children = (
				7D4093A41C41EEC600E37565 /* Base */,
			);
			name = LaunchScreen.storyboard;
			sourceTree = "<group>";
		};
/* End PBXVariantGroup section */

/* Begin XCBuildConfiguration section */
		7D4093BD1C41EEC600E37565 /* Debug */ = {
			isa = XCBuildConfiguration;
			buildSettings = {
				ALWAYS_SEARCH_USER_PATHS = NO;
				CLANG_CXX_LANGUAGE_STANDARD = "gnu++0x";
				CLANG_CXX_LIBRARY = "libc++";
				CLANG_ENABLE_MODULES = YES;
				CLANG_ENABLE_OBJC_ARC = YES;
				CLANG_WARN_BOOL_CONVERSION = YES;
				CLANG_WARN_CONSTANT_CONVERSION = YES;
				CLANG_WARN_DIRECT_OBJC_ISA_USAGE = YES_ERROR;
				CLANG_WARN_EMPTY_BODY = YES;
				CLANG_WARN_ENUM_CONVERSION = YES;
				CLANG_WARN_INT_CONVERSION = YES;
				CLANG_WARN_OBJC_ROOT_CLASS = YES_ERROR;
				CLANG_WARN_UNREACHABLE_CODE = YES;
				CLANG_WARN__DUPLICATE_METHOD_MATCH = YES;
				"CODE_SIGN_IDENTITY[sdk=iphoneos*]" = "iPhone Developer";
				COPY_PHASE_STRIP = NO;
				DEBUG_INFORMATION_FORMAT = dwarf;
				ENABLE_STRICT_OBJC_MSGSEND = YES;
				ENABLE_TESTABILITY = YES;
				GCC_C_LANGUAGE_STANDARD = gnu99;
				GCC_DYNAMIC_NO_PIC = NO;
				GCC_NO_COMMON_BLOCKS = YES;
				GCC_OPTIMIZATION_LEVEL = 0;
				GCC_PREPROCESSOR_DEFINITIONS = (
					"DEBUG=1",
					"$(inherited)",
				);
				GCC_WARN_64_TO_32_BIT_CONVERSION = YES;
				GCC_WARN_ABOUT_RETURN_TYPE = YES_ERROR;
				GCC_WARN_UNDECLARED_SELECTOR = YES;
				GCC_WARN_UNINITIALIZED_AUTOS = YES_AGGRESSIVE;
				GCC_WARN_UNUSED_FUNCTION = YES;
				GCC_WARN_UNUSED_VARIABLE = YES;
				IPHONEOS_DEPLOYMENT_TARGET = 9.2;
				MTL_ENABLE_DEBUG_INFO = YES;
				ONLY_ACTIVE_ARCH = YES;
				SDKROOT = iphoneos;
				SWIFT_OPTIMIZATION_LEVEL = "-Onone";
				TARGETED_DEVICE_FAMILY = "1,2";
			};
			name = Debug;
		};
		7D4093BE1C41EEC600E37565 /* Release */ = {
			isa = XCBuildConfiguration;
			buildSettings = {
				ALWAYS_SEARCH_USER_PATHS = NO;
				CLANG_CXX_LANGUAGE_STANDARD = "gnu++0x";
				CLANG_CXX_LIBRARY = "libc++";
				CLANG_ENABLE_MODULES = YES;
				CLANG_ENABLE_OBJC_ARC = YES;
				CLANG_WARN_BOOL_CONVERSION = YES;
				CLANG_WARN_CONSTANT_CONVERSION = YES;
				CLANG_WARN_DIRECT_OBJC_ISA_USAGE = YES_ERROR;
				CLANG_WARN_EMPTY_BODY = YES;
				CLANG_WARN_ENUM_CONVERSION = YES;
				CLANG_WARN_INT_CONVERSION = YES;
				CLANG_WARN_OBJC_ROOT_CLASS = YES_ERROR;
				CLANG_WARN_UNREACHABLE_CODE = YES;
				CLANG_WARN__DUPLICATE_METHOD_MATCH = YES;
				"CODE_SIGN_IDENTITY[sdk=iphoneos*]" = "iPhone Developer";
				COPY_PHASE_STRIP = NO;
				DEBUG_INFORMATION_FORMAT = "dwarf-with-dsym";
				ENABLE_NS_ASSERTIONS = NO;
				ENABLE_STRICT_OBJC_MSGSEND = YES;
				GCC_C_LANGUAGE_STANDARD = gnu99;
				GCC_NO_COMMON_BLOCKS = YES;
				GCC_WARN_64_TO_32_BIT_CONVERSION = YES;
				GCC_WARN_ABOUT_RETURN_TYPE = YES_ERROR;
				GCC_WARN_UNDECLARED_SELECTOR = YES;
				GCC_WARN_UNINITIALIZED_AUTOS = YES_AGGRESSIVE;
				GCC_WARN_UNUSED_FUNCTION = YES;
				GCC_WARN_UNUSED_VARIABLE = YES;
				IPHONEOS_DEPLOYMENT_TARGET = 9.2;
				MTL_ENABLE_DEBUG_INFO = NO;
				SDKROOT = iphoneos;
				TARGETED_DEVICE_FAMILY = "1,2";
				VALIDATE_PRODUCT = YES;
			};
			name = Release;
		};
		7D4093C01C41EEC600E37565 /* Debug */ = {
			isa = XCBuildConfiguration;
			buildSettings = {
				ASSETCATALOG_COMPILER_APPICON_NAME = AppIcon;
				INFOPLIST_FILE = ItsGeekTaMe/Info.plist;
				LD_RUNPATH_SEARCH_PATHS = "$(inherited) @executable_path/Frameworks";
				PRODUCT_BUNDLE_IDENTIFIER = com.ninnyworks.ItsGeekTaMe;
				PRODUCT_NAME = "$(TARGET_NAME)";
			};
			name = Debug;
		};
		7D4093C11C41EEC600E37565 /* Release */ = {
			isa = XCBuildConfiguration;
			buildSettings = {
				ASSETCATALOG_COMPILER_APPICON_NAME = AppIcon;
				INFOPLIST_FILE = ItsGeekTaMe/Info.plist;
				LD_RUNPATH_SEARCH_PATHS = "$(inherited) @executable_path/Frameworks";
				PRODUCT_BUNDLE_IDENTIFIER = com.ninnyworks.ItsGeekTaMe;
				PRODUCT_NAME = "$(TARGET_NAME)";
			};
			name = Release;
		};
		7D4093C31C41EEC600E37565 /* Debug */ = {
			isa = XCBuildConfiguration;
			buildSettings = {
				BUNDLE_LOADER = "$(TEST_HOST)";
				INFOPLIST_FILE = ItsGeekTaMeTests/Info.plist;
				LD_RUNPATH_SEARCH_PATHS = "$(inherited) @executable_path/Frameworks @loader_path/Frameworks";
				PRODUCT_BUNDLE_IDENTIFIER = com.ninnyworks.ItsGeekTaMeTests;
				PRODUCT_NAME = "$(TARGET_NAME)";
				TEST_HOST = "$(BUILT_PRODUCTS_DIR)/ItsGeekTaMe.app/ItsGeekTaMe";
			};
			name = Debug;
		};
		7D4093C41C41EEC600E37565 /* Release */ = {
			isa = XCBuildConfiguration;
			buildSettings = {
				BUNDLE_LOADER = "$(TEST_HOST)";
				INFOPLIST_FILE = ItsGeekTaMeTests/Info.plist;
				LD_RUNPATH_SEARCH_PATHS = "$(inherited) @executable_path/Frameworks @loader_path/Frameworks";
				PRODUCT_BUNDLE_IDENTIFIER = com.ninnyworks.ItsGeekTaMeTests;
				PRODUCT_NAME = "$(TARGET_NAME)";
				TEST_HOST = "$(BUILT_PRODUCTS_DIR)/ItsGeekTaMe.app/ItsGeekTaMe";
			};
			name = Release;
		};
		7D4093C61C41EEC600E37565 /* Debug */ = {
			isa = XCBuildConfiguration;
			buildSettings = {
				INFOPLIST_FILE = ItsGeekTaMeUITests/Info.plist;
				LD_RUNPATH_SEARCH_PATHS = "$(inherited) @executable_path/Frameworks @loader_path/Frameworks";
				PRODUCT_BUNDLE_IDENTIFIER = com.ninnyworks.ItsGeekTaMeUITests;
				PRODUCT_NAME = "$(TARGET_NAME)";
				TEST_TARGET_NAME = ItsGeekTaMe;
				USES_XCTRUNNER = YES;
			};
			name = Debug;
		};
		7D4093C71C41EEC600E37565 /* Release */ = {
			isa = XCBuildConfiguration;
			buildSettings = {
				INFOPLIST_FILE = ItsGeekTaMeUITests/Info.plist;
				LD_RUNPATH_SEARCH_PATHS = "$(inherited) @executable_path/Frameworks @loader_path/Frameworks";
				PRODUCT_BUNDLE_IDENTIFIER = com.ninnyworks.ItsGeekTaMeUITests;
				PRODUCT_NAME = "$(TARGET_NAME)";
				TEST_TARGET_NAME = ItsGeekTaMe;
				USES_XCTRUNNER = YES;
			};
			name = Release;
		};
/* End XCBuildConfiguration section */

/* Begin XCConfigurationList section */
		7D4093901C41EEC600E37565 /* Build configuration list for PBXProject "ItsGeekTaMe" */ = {
			isa = XCConfigurationList;
			buildConfigurations = (
				7D4093BD1C41EEC600E37565 /* Debug */,
				7D4093BE1C41EEC600E37565 /* Release */,
			);
			defaultConfigurationIsVisible = 0;
			defaultConfigurationName = Release;
		};
		7D4093BF1C41EEC600E37565 /* Build configuration list for PBXNativeTarget "ItsGeekTaMe" */ = {
			isa = XCConfigurationList;
			buildConfigurations = (
				7D4093C01C41EEC600E37565 /* Debug */,
				7D4093C11C41EEC600E37565 /* Release */,
			);
			defaultConfigurationIsVisible = 0;
			defaultConfigurationName = Release;
		};
		7D4093C21C41EEC600E37565 /* Build configuration list for PBXNativeTarget "ItsGeekTaMeTests" */ = {
			isa = XCConfigurationList;
			buildConfigurations = (
				7D4093C31C41EEC600E37565 /* Debug */,
				7D4093C41C41EEC600E37565 /* Release */,
			);
			defaultConfigurationIsVisible = 0;
			defaultConfigurationName = Release;
		};
		7D4093C51C41EEC600E37565 /* Build configuration list for PBXNativeTarget "ItsGeekTaMeUITests" */ = {
			isa = XCConfigurationList;
			buildConfigurations = (
				7D4093C61C41EEC600E37565 /* Debug */,
				7D4093C71C41EEC600E37565 /* Release */,
			);
			defaultConfigurationIsVisible = 0;
			defaultConfigurationName = Release;
		};
/* End XCConfigurationList section */
	};
	rootObject = 7D40938D1C41EEC600E37565 /* Project object */;
}
